// !$*UTF8*$!
{
	archiveVersion = 1;
	classes = {
	};
	objectVersion = 56;
	objects = {

/* Begin PBXBuildFile section */
		2E81DD7328DB224E00138500 /* AppDelegate.swift in Sources */ = {isa = PBXBuildFile; fileRef = 2E81DD7228DB224E00138500 /* AppDelegate.swift */; };
		2E81DD7528DB224E00138500 /* SceneDelegate.swift in Sources */ = {isa = PBXBuildFile; fileRef = 2E81DD7428DB224E00138500 /* SceneDelegate.swift */; };
		2E81DD7C28DB224F00138500 /* Assets.xcassets in Resources */ = {isa = PBXBuildFile; fileRef = 2E81DD7B28DB224F00138500 /* Assets.xcassets */; };
		2E81DD7F28DB224F00138500 /* LaunchScreen.storyboard in Resources */ = {isa = PBXBuildFile; fileRef = 2E81DD7D28DB224F00138500 /* LaunchScreen.storyboard */; };
		2E81DD9528DB244B00138500 /* GameContract.swift in Sources */ = {isa = PBXBuildFile; fileRef = 2E81DD9028DB244B00138500 /* GameContract.swift */; };
		2E81DD9628DB244B00138500 /* GamePresenter.swift in Sources */ = {isa = PBXBuildFile; fileRef = 2E81DD9128DB244B00138500 /* GamePresenter.swift */; };
		2E81DD9728DB244B00138500 /* GameRouter.swift in Sources */ = {isa = PBXBuildFile; fileRef = 2E81DD9228DB244B00138500 /* GameRouter.swift */; };
		2E81DD9828DB244B00138500 /* GameViewController.swift in Sources */ = {isa = PBXBuildFile; fileRef = 2E81DD9328DB244B00138500 /* GameViewController.swift */; };
		2E81DD9928DB244B00138500 /* GameInteractor.swift in Sources */ = {isa = PBXBuildFile; fileRef = 2E81DD9428DB244B00138500 /* GameInteractor.swift */; };
		2E81DDC128DB509800138500 /* GameCollectionViewCell.swift in Sources */ = {isa = PBXBuildFile; fileRef = 2E81DDC028DB509800138500 /* GameCollectionViewCell.swift */; };
		2E81DDC528DB50D000138500 /* Cell + ReuseIdentifier.swift in Sources */ = {isa = PBXBuildFile; fileRef = 2E81DDC428DB50D000138500 /* Cell + ReuseIdentifier.swift */; };
		2E81DDC728DB525400138500 /* UIViewController + Ext.swift in Sources */ = {isa = PBXBuildFile; fileRef = 2E81DDC628DB525400138500 /* UIViewController + Ext.swift */; };
		2E81DDC928DB57C800138500 /* UIColor + Ext.swift in Sources */ = {isa = PBXBuildFile; fileRef = 2E81DDC828DB57C800138500 /* UIColor + Ext.swift */; };
		2E81DDCD28DB5FB900138500 /* Defaults.swift in Sources */ = {isa = PBXBuildFile; fileRef = 2E81DDCC28DB5FB900138500 /* Defaults.swift */; };
		2E81DDD028DB600100138500 /* DefaultsKeys.swift in Sources */ = {isa = PBXBuildFile; fileRef = 2E81DDCF28DB600100138500 /* DefaultsKeys.swift */; };
/* End PBXBuildFile section */

/* Begin PBXFileReference section */
		2E81DD6F28DB224E00138500 /* INDMoney Game.app */ = {isa = PBXFileReference; explicitFileType = wrapper.application; includeInIndex = 0; path = "INDMoney Game.app"; sourceTree = BUILT_PRODUCTS_DIR; };
		2E81DD7228DB224E00138500 /* AppDelegate.swift */ = {isa = PBXFileReference; lastKnownFileType = sourcecode.swift; path = AppDelegate.swift; sourceTree = "<group>"; };
		2E81DD7428DB224E00138500 /* SceneDelegate.swift */ = {isa = PBXFileReference; lastKnownFileType = sourcecode.swift; path = SceneDelegate.swift; sourceTree = "<group>"; };
		2E81DD7B28DB224F00138500 /* Assets.xcassets */ = {isa = PBXFileReference; lastKnownFileType = folder.assetcatalog; path = Assets.xcassets; sourceTree = "<group>"; };
		2E81DD7E28DB224F00138500 /* Base */ = {isa = PBXFileReference; lastKnownFileType = file.storyboard; name = Base; path = Base.lproj/LaunchScreen.storyboard; sourceTree = "<group>"; };
		2E81DD8028DB224F00138500 /* Info.plist */ = {isa = PBXFileReference; lastKnownFileType = text.plist.xml; path = Info.plist; sourceTree = "<group>"; };
		2E81DD9028DB244B00138500 /* GameContract.swift */ = {isa = PBXFileReference; lastKnownFileType = sourcecode.swift; path = GameContract.swift; sourceTree = "<group>"; };
		2E81DD9128DB244B00138500 /* GamePresenter.swift */ = {isa = PBXFileReference; lastKnownFileType = sourcecode.swift; path = GamePresenter.swift; sourceTree = "<group>"; };
		2E81DD9228DB244B00138500 /* GameRouter.swift */ = {isa = PBXFileReference; lastKnownFileType = sourcecode.swift; path = GameRouter.swift; sourceTree = "<group>"; };
		2E81DD9328DB244B00138500 /* GameViewController.swift */ = {isa = PBXFileReference; lastKnownFileType = sourcecode.swift; path = GameViewController.swift; sourceTree = "<group>"; };
		2E81DD9428DB244B00138500 /* GameInteractor.swift */ = {isa = PBXFileReference; lastKnownFileType = sourcecode.swift; path = GameInteractor.swift; sourceTree = "<group>"; };
		2E81DDC028DB509800138500 /* GameCollectionViewCell.swift */ = {isa = PBXFileReference; lastKnownFileType = sourcecode.swift; path = GameCollectionViewCell.swift; sourceTree = "<group>"; };
		2E81DDC428DB50D000138500 /* Cell + ReuseIdentifier.swift */ = {isa = PBXFileReference; lastKnownFileType = sourcecode.swift; path = "Cell + ReuseIdentifier.swift"; sourceTree = "<group>"; };
		2E81DDC628DB525400138500 /* UIViewController + Ext.swift */ = {isa = PBXFileReference; lastKnownFileType = sourcecode.swift; path = "UIViewController + Ext.swift"; sourceTree = "<group>"; };
		2E81DDC828DB57C800138500 /* UIColor + Ext.swift */ = {isa = PBXFileReference; lastKnownFileType = sourcecode.swift; path = "UIColor + Ext.swift"; sourceTree = "<group>"; };
		2E81DDCC28DB5FB900138500 /* Defaults.swift */ = {isa = PBXFileReference; lastKnownFileType = sourcecode.swift; path = Defaults.swift; sourceTree = "<group>"; };
		2E81DDCF28DB600100138500 /* DefaultsKeys.swift */ = {isa = PBXFileReference; lastKnownFileType = sourcecode.swift; path = DefaultsKeys.swift; sourceTree = "<group>"; };
/* End PBXFileReference section */

/* Begin PBXFrameworksBuildPhase section */
		2E81DD6C28DB224E00138500 /* Frameworks */ = {
			isa = PBXFrameworksBuildPhase;
			buildActionMask = 2147483647;
			files = (
			);
			runOnlyForDeploymentPostprocessing = 0;
		};
/* End PBXFrameworksBuildPhase section */

/* Begin PBXGroup section */
		2E81DD6628DB224E00138500 = {
			isa = PBXGroup;
			children = (
				2E81DD7128DB224E00138500 /* INDMoney Game */,
				2E81DD7028DB224E00138500 /* Products */,
			);
			sourceTree = "<group>";
		};
		2E81DD7028DB224E00138500 /* Products */ = {
			isa = PBXGroup;
			children = (
				2E81DD6F28DB224E00138500 /* INDMoney Game.app */,
			);
			name = Products;
			sourceTree = "<group>";
		};
		2E81DD7128DB224E00138500 /* INDMoney Game */ = {
			isa = PBXGroup;
			children = (
				2E81DDC228DB50A500138500 /* Utils */,
				2E81DDBA28DB502F00138500 /* Game-Module */,
				2E81DD7228DB224E00138500 /* AppDelegate.swift */,
				2E81DD7428DB224E00138500 /* SceneDelegate.swift */,
				2E81DD7B28DB224F00138500 /* Assets.xcassets */,
				2E81DD7D28DB224F00138500 /* LaunchScreen.storyboard */,
				2E81DD8028DB224F00138500 /* Info.plist */,
			);
			path = "INDMoney Game";
			sourceTree = "<group>";
		};
		2E81DDBA28DB502F00138500 /* Game-Module */ = {
			isa = PBXGroup;
			children = (
				2E81DDBF28DB507600138500 /* Contract */,
				2E81DDBE28DB506D00138500 /* Presenter */,
				2E81DDBC28DB505F00138500 /* Router */,
				2E81DDBB28DB505800138500 /* View */,
				2E81DDBD28DB506500138500 /* Interactor */,
			);
			path = "Game-Module";
			sourceTree = "<group>";
		};
		2E81DDBB28DB505800138500 /* View */ = {
			isa = PBXGroup;
			children = (
				2E81DD9328DB244B00138500 /* GameViewController.swift */,
				2E81DDC028DB509800138500 /* GameCollectionViewCell.swift */,
			);
			path = View;
			sourceTree = "<group>";
		};
		2E81DDBC28DB505F00138500 /* Router */ = {
			isa = PBXGroup;
			children = (
				2E81DD9228DB244B00138500 /* GameRouter.swift */,
			);
			path = Router;
			sourceTree = "<group>";
		};
		2E81DDBD28DB506500138500 /* Interactor */ = {
			isa = PBXGroup;
			children = (
				2E81DD9428DB244B00138500 /* GameInteractor.swift */,
			);
			path = Interactor;
			sourceTree = "<group>";
		};
		2E81DDBE28DB506D00138500 /* Presenter */ = {
			isa = PBXGroup;
			children = (
				2E81DD9128DB244B00138500 /* GamePresenter.swift */,
			);
			path = Presenter;
			sourceTree = "<group>";
		};
		2E81DDBF28DB507600138500 /* Contract */ = {
			isa = PBXGroup;
			children = (
				2E81DD9028DB244B00138500 /* GameContract.swift */,
			);
			path = Contract;
			sourceTree = "<group>";
		};
		2E81DDC228DB50A500138500 /* Utils */ = {
			isa = PBXGroup;
			children = (
				2E81DDC328DB50AC00138500 /* Extensions */,
				2E81DDCE28DB5FDD00138500 /* DefaultsKit */,
			);
			path = Utils;
			sourceTree = "<group>";
		};
		2E81DDC328DB50AC00138500 /* Extensions */ = {
			isa = PBXGroup;
			children = (
				2E81DDC428DB50D000138500 /* Cell + ReuseIdentifier.swift */,
				2E81DDC628DB525400138500 /* UIViewController + Ext.swift */,
				2E81DDC828DB57C800138500 /* UIColor + Ext.swift */,
			);
			path = Extensions;
			sourceTree = "<group>";
		};
		2E81DDCE28DB5FDD00138500 /* DefaultsKit */ = {
			isa = PBXGroup;
			children = (
				2E81DDCC28DB5FB900138500 /* Defaults.swift */,
				2E81DDCF28DB600100138500 /* DefaultsKeys.swift */,
			);
			path = DefaultsKit;
			sourceTree = "<group>";
		};
/* End PBXGroup section */

/* Begin PBXNativeTarget section */
		2E81DD6E28DB224E00138500 /* INDMoney Game */ = {
			isa = PBXNativeTarget;
			buildConfigurationList = 2E81DD8328DB224F00138500 /* Build configuration list for PBXNativeTarget "INDMoney Game" */;
			buildPhases = (
				2E81DD6B28DB224E00138500 /* Sources */,
				2E81DD6C28DB224E00138500 /* Frameworks */,
				2E81DD6D28DB224E00138500 /* Resources */,
			);
			buildRules = (
			);
			dependencies = (
			);
			name = "INDMoney Game";
			productName = "INDMoney Game";
			productReference = 2E81DD6F28DB224E00138500 /* INDMoney Game.app */;
			productType = "com.apple.product-type.application";
		};
/* End PBXNativeTarget section */

/* Begin PBXProject section */
		2E81DD6728DB224E00138500 /* Project object */ = {
			isa = PBXProject;
			attributes = {
				BuildIndependentTargetsInParallel = 1;
				LastSwiftUpdateCheck = 1400;
				LastUpgradeCheck = 1400;
				TargetAttributes = {
					2E81DD6E28DB224E00138500 = {
						CreatedOnToolsVersion = 14.0;
					};
				};
			};
			buildConfigurationList = 2E81DD6A28DB224E00138500 /* Build configuration list for PBXProject "INDMoney Game" */;
			compatibilityVersion = "Xcode 14.0";
			developmentRegion = en;
			hasScannedForEncodings = 0;
			knownRegions = (
				en,
				Base,
			);
			mainGroup = 2E81DD6628DB224E00138500;
			productRefGroup = 2E81DD7028DB224E00138500 /* Products */;
			projectDirPath = "";
			projectRoot = "";
			targets = (
				2E81DD6E28DB224E00138500 /* INDMoney Game */,
			);
		};
/* End PBXProject section */

/* Begin PBXResourcesBuildPhase section */
		2E81DD6D28DB224E00138500 /* Resources */ = {
			isa = PBXResourcesBuildPhase;
			buildActionMask = 2147483647;
			files = (
				2E81DD7F28DB224F00138500 /* LaunchScreen.storyboard in Resources */,
				2E81DD7C28DB224F00138500 /* Assets.xcassets in Resources */,
			);
			runOnlyForDeploymentPostprocessing = 0;
		};
/* End PBXResourcesBuildPhase section */

/* Begin PBXSourcesBuildPhase section */
		2E81DD6B28DB224E00138500 /* Sources */ = {
			isa = PBXSourcesBuildPhase;
			buildActionMask = 2147483647;
			files = (
				2E81DDC128DB509800138500 /* GameCollectionViewCell.swift in Sources */,
				2E81DDCD28DB5FB900138500 /* Defaults.swift in Sources */,
				2E81DD9728DB244B00138500 /* GameRouter.swift in Sources */,
				2E81DD9628DB244B00138500 /* GamePresenter.swift in Sources */,
				2E81DD7328DB224E00138500 /* AppDelegate.swift in Sources */,
				2E81DD7528DB224E00138500 /* SceneDelegate.swift in Sources */,
				2E81DDC528DB50D000138500 /* Cell + ReuseIdentifier.swift in Sources */,
				2E81DD9828DB244B00138500 /* GameViewController.swift in Sources */,
				2E81DD9928DB244B00138500 /* GameInteractor.swift in Sources */,
				2E81DDC728DB525400138500 /* UIViewController + Ext.swift in Sources */,
				2E81DDD028DB600100138500 /* DefaultsKeys.swift in Sources */,
				2E81DDC928DB57C800138500 /* UIColor + Ext.swift in Sources */,
				2E81DD9528DB244B00138500 /* GameContract.swift in Sources */,
			);
			runOnlyForDeploymentPostprocessing = 0;
		};
/* End PBXSourcesBuildPhase section */

/* Begin PBXVariantGroup section */
		2E81DD7D28DB224F00138500 /* LaunchScreen.storyboard */ = {
			isa = PBXVariantGroup;
			children = (
				2E81DD7E28DB224F00138500 /* Base */,
			);
			name = LaunchScreen.storyboard;
			sourceTree = "<group>";
		};
/* End PBXVariantGroup section */

/* Begin XCBuildConfiguration section */
		2E81DD8128DB224F00138500 /* Debug */ = {
			isa = XCBuildConfiguration;
			buildSettings = {
				ALWAYS_SEARCH_USER_PATHS = NO;
				CLANG_ANALYZER_NONNULL = YES;
				CLANG_ANALYZER_NUMBER_OBJECT_CONVERSION = YES_AGGRESSIVE;
				CLANG_CXX_LANGUAGE_STANDARD = "gnu++20";
				CLANG_ENABLE_MODULES = YES;
				CLANG_ENABLE_OBJC_ARC = YES;
				CLANG_ENABLE_OBJC_WEAK = YES;
				CLANG_WARN_BLOCK_CAPTURE_AUTORELEASING = YES;
				CLANG_WARN_BOOL_CONVERSION = YES;
				CLANG_WARN_COMMA = YES;
				CLANG_WARN_CONSTANT_CONVERSION = YES;
				CLANG_WARN_DEPRECATED_OBJC_IMPLEMENTATIONS = YES;
				CLANG_WARN_DIRECT_OBJC_ISA_USAGE = YES_ERROR;
				CLANG_WARN_DOCUMENTATION_COMMENTS = YES;
				CLANG_WARN_EMPTY_BODY = YES;
				CLANG_WARN_ENUM_CONVERSION = YES;
				CLANG_WARN_INFINITE_RECURSION = YES;
				CLANG_WARN_INT_CONVERSION = YES;
				CLANG_WARN_NON_LITERAL_NULL_CONVERSION = YES;
				CLANG_WARN_OBJC_IMPLICIT_RETAIN_SELF = YES;
				CLANG_WARN_OBJC_LITERAL_CONVERSION = YES;
				CLANG_WARN_OBJC_ROOT_CLASS = YES_ERROR;
				CLANG_WARN_QUOTED_INCLUDE_IN_FRAMEWORK_HEADER = YES;
				CLANG_WARN_RANGE_LOOP_ANALYSIS = YES;
				CLANG_WARN_STRICT_PROTOTYPES = YES;
				CLANG_WARN_SUSPICIOUS_MOVE = YES;
				CLANG_WARN_UNGUARDED_AVAILABILITY = YES_AGGRESSIVE;
				CLANG_WARN_UNREACHABLE_CODE = YES;
				CLANG_WARN__DUPLICATE_METHOD_MATCH = YES;
				COPY_PHASE_STRIP = NO;
				DEBUG_INFORMATION_FORMAT = dwarf;
				ENABLE_STRICT_OBJC_MSGSEND = YES;
				ENABLE_TESTABILITY = YES;
				GCC_C_LANGUAGE_STANDARD = gnu11;
				GCC_DYNAMIC_NO_PIC = NO;
				GCC_NO_COMMON_BLOCKS = YES;
				GCC_OPTIMIZATION_LEVEL = 0;
				GCC_PREPROCESSOR_DEFINITIONS = (
					"DEBUG=1",
					"$(inherited)",
				);
				GCC_WARN_64_TO_32_BIT_CONVERSION = YES;
				GCC_WARN_ABOUT_RETURN_TYPE = YES_ERROR;
				GCC_WARN_UNDECLARED_SELECTOR = YES;
				GCC_WARN_UNINITIALIZED_AUTOS = YES_AGGRESSIVE;
				GCC_WARN_UNUSED_FUNCTION = YES;
				GCC_WARN_UNUSED_VARIABLE = YES;
				IPHONEOS_DEPLOYMENT_TARGET = 16.0;
				MTL_ENABLE_DEBUG_INFO = INCLUDE_SOURCE;
				MTL_FAST_MATH = YES;
				ONLY_ACTIVE_ARCH = YES;
				SDKROOT = iphoneos;
				SWIFT_ACTIVE_COMPILATION_CONDITIONS = DEBUG;
				SWIFT_OPTIMIZATION_LEVEL = "-Onone";
			};
			name = Debug;
		};
		2E81DD8228DB224F00138500 /* Release */ = {
			isa = XCBuildConfiguration;
			buildSettings = {
				ALWAYS_SEARCH_USER_PATHS = NO;
				CLANG_ANALYZER_NONNULL = YES;
				CLANG_ANALYZER_NUMBER_OBJECT_CONVERSION = YES_AGGRESSIVE;
				CLANG_CXX_LANGUAGE_STANDARD = "gnu++20";
				CLANG_ENABLE_MODULES = YES;
				CLANG_ENABLE_OBJC_ARC = YES;
				CLANG_ENABLE_OBJC_WEAK = YES;
				CLANG_WARN_BLOCK_CAPTURE_AUTORELEASING = YES;
				CLANG_WARN_BOOL_CONVERSION = YES;
				CLANG_WARN_COMMA = YES;
				CLANG_WARN_CONSTANT_CONVERSION = YES;
				CLANG_WARN_DEPRECATED_OBJC_IMPLEMENTATIONS = YES;
				CLANG_WARN_DIRECT_OBJC_ISA_USAGE = YES_ERROR;
				CLANG_WARN_DOCUMENTATION_COMMENTS = YES;
				CLANG_WARN_EMPTY_BODY = YES;
				CLANG_WARN_ENUM_CONVERSION = YES;
				CLANG_WARN_INFINITE_RECURSION = YES;
				CLANG_WARN_INT_CONVERSION = YES;
				CLANG_WARN_NON_LITERAL_NULL_CONVERSION = YES;
				CLANG_WARN_OBJC_IMPLICIT_RETAIN_SELF = YES;
				CLANG_WARN_OBJC_LITERAL_CONVERSION = YES;
				CLANG_WARN_OBJC_ROOT_CLASS = YES_ERROR;
				CLANG_WARN_QUOTED_INCLUDE_IN_FRAMEWORK_HEADER = YES;
				CLANG_WARN_RANGE_LOOP_ANALYSIS = YES;
				CLANG_WARN_STRICT_PROTOTYPES = YES;
				CLANG_WARN_SUSPICIOUS_MOVE = YES;
				CLANG_WARN_UNGUARDED_AVAILABILITY = YES_AGGRESSIVE;
				CLANG_WARN_UNREACHABLE_CODE = YES;
				CLANG_WARN__DUPLICATE_METHOD_MATCH = YES;
				COPY_PHASE_STRIP = NO;
				DEBUG_INFORMATION_FORMAT = "dwarf-with-dsym";
				ENABLE_NS_ASSERTIONS = NO;
				ENABLE_STRICT_OBJC_MSGSEND = YES;
				GCC_C_LANGUAGE_STANDARD = gnu11;
				GCC_NO_COMMON_BLOCKS = YES;
				GCC_WARN_64_TO_32_BIT_CONVERSION = YES;
				GCC_WARN_ABOUT_RETURN_TYPE = YES_ERROR;
				GCC_WARN_UNDECLARED_SELECTOR = YES;
				GCC_WARN_UNINITIALIZED_AUTOS = YES_AGGRESSIVE;
				GCC_WARN_UNUSED_FUNCTION = YES;
				GCC_WARN_UNUSED_VARIABLE = YES;
				IPHONEOS_DEPLOYMENT_TARGET = 16.0;
				MTL_ENABLE_DEBUG_INFO = NO;
				MTL_FAST_MATH = YES;
				SDKROOT = iphoneos;
				SWIFT_COMPILATION_MODE = wholemodule;
				SWIFT_OPTIMIZATION_LEVEL = "-O";
				VALIDATE_PRODUCT = YES;
			};
			name = Release;
		};
		2E81DD8428DB224F00138500 /* Debug */ = {
			isa = XCBuildConfiguration;
			buildSettings = {
				ASSETCATALOG_COMPILER_APPICON_NAME = AppIcon;
				ASSETCATALOG_COMPILER_GLOBAL_ACCENT_COLOR_NAME = AccentColor;
				CODE_SIGN_STYLE = Automatic;
				CURRENT_PROJECT_VERSION = 1;
				DEVELOPMENT_TEAM = 22G8DE6XVC;
				GENERATE_INFOPLIST_FILE = YES;
				INFOPLIST_FILE = "INDMoney Game/Info.plist";
				INFOPLIST_KEY_LSApplicationCategoryType = "public.app-category.games";
				INFOPLIST_KEY_UIApplicationSupportsIndirectInputEvents = YES;
				INFOPLIST_KEY_UILaunchStoryboardName = LaunchScreen;
				INFOPLIST_KEY_UISupportedInterfaceOrientations = UIInterfaceOrientationPortrait;
				INFOPLIST_KEY_UISupportedInterfaceOrientations_iPad = "UIInterfaceOrientationLandscapeLeft UIInterfaceOrientationLandscapeRight UIInterfaceOrientationPortrait UIInterfaceOrientationPortraitUpsideDown";
				LD_RUNPATH_SEARCH_PATHS = (
					"$(inherited)",
					"@executable_path/Frameworks",
				);
				MARKETING_VERSION = 1.0;
				PRODUCT_BUNDLE_IDENTIFIER = "com.viveksinghmehta.INDMoney-Game";
				PRODUCT_NAME = "$(TARGET_NAME)";
				SUPPORTED_PLATFORMS = "iphoneos iphonesimulator";
				SUPPORTS_MACCATALYST = NO;
				SUPPORTS_MAC_DESIGNED_FOR_IPHONE_IPAD = NO;
				SWIFT_EMIT_LOC_STRINGS = YES;
				SWIFT_VERSION = 5.0;
				TARGETED_DEVICE_FAMILY = 1;
			};
			name = Debug;
		};
		2E81DD8528DB224F00138500 /* Release */ = {
			isa = XCBuildConfiguration;
			buildSettings = {
				ASSETCATALOG_COMPILER_APPICON_NAME = AppIcon;
				ASSETCATALOG_COMPILER_GLOBAL_ACCENT_COLOR_NAME = AccentColor;
				CODE_SIGN_STYLE = Automatic;
				CURRENT_PROJECT_VERSION = 1;
				DEVELOPMENT_TEAM = 22G8DE6XVC;
				GENERATE_INFOPLIST_FILE = YES;
				INFOPLIST_FILE = "INDMoney Game/Info.plist";
				INFOPLIST_KEY_LSApplicationCategoryType = "public.app-category.games";
				INFOPLIST_KEY_UIApplicationSupportsIndirectInputEvents = YES;
				INFOPLIST_KEY_UILaunchStoryboardName = LaunchScreen;
				INFOPLIST_KEY_UISupportedInterfaceOrientations = UIInterfaceOrientationPortrait;
				INFOPLIST_KEY_UISupportedInterfaceOrientations_iPad = "UIInterfaceOrientationLandscapeLeft UIInterfaceOrientationLandscapeRight UIInterfaceOrientationPortrait UIInterfaceOrientationPortraitUpsideDown";
				LD_RUNPATH_SEARCH_PATHS = (
					"$(inherited)",
					"@executable_path/Frameworks",
				);
				MARKETING_VERSION = 1.0;
				PRODUCT_BUNDLE_IDENTIFIER = "com.viveksinghmehta.INDMoney-Game";
				PRODUCT_NAME = "$(TARGET_NAME)";
				SUPPORTED_PLATFORMS = "iphoneos iphonesimulator";
				SUPPORTS_MACCATALYST = NO;
				SUPPORTS_MAC_DESIGNED_FOR_IPHONE_IPAD = NO;
				SWIFT_EMIT_LOC_STRINGS = YES;
				SWIFT_VERSION = 5.0;
				TARGETED_DEVICE_FAMILY = 1;
			};
			name = Release;
		};
/* End XCBuildConfiguration section */

/* Begin XCConfigurationList section */
		2E81DD6A28DB224E00138500 /* Build configuration list for PBXProject "INDMoney Game" */ = {
			isa = XCConfigurationList;
			buildConfigurations = (
				2E81DD8128DB224F00138500 /* Debug */,
				2E81DD8228DB224F00138500 /* Release */,
			);
			defaultConfigurationIsVisible = 0;
			defaultConfigurationName = Release;
		};
		2E81DD8328DB224F00138500 /* Build configuration list for PBXNativeTarget "INDMoney Game" */ = {
			isa = XCConfigurationList;
			buildConfigurations = (
				2E81DD8428DB224F00138500 /* Debug */,
				2E81DD8528DB224F00138500 /* Release */,
			);
			defaultConfigurationIsVisible = 0;
			defaultConfigurationName = Release;
		};
/* End XCConfigurationList section */
	};
	rootObject = 2E81DD6728DB224E00138500 /* Project object */;
}
